
Microsoft Visual Studio Solution File, Format Version 12.00
# Visual Studio Version 16
VisualStudioVersion = 16.0.29519.87
MinimumVisualStudioVersion = 10.0.40219.1
Project("{FAE04EC0-301F-11D3-BF4B-00C04F79EFBC}") = "DevExtremeMvcApp2", "DevExtremeMvcApp2\DevExtremeMvcApp2.csproj", "{A3D07F38-B03F-4910-B444-75AFFB42BB1F}"
EndProject
Global
	GlobalSection(SolutionConfigurationPlatforms) = preSolution
		Debug|Any CPU = Debug|Any CPU
		Release|Any CPU = Release|Any CPU
	EndGlobalSection
	GlobalSection(ProjectConfigurationPlatforms) = postSolution
		{A3D07F38-B03F-4910-B444-75AFFB42BB1F}.Debug|Any CPU.ActiveCfg = Debug|Any CPU
		{A3D07F38-B03F-4910-B444-75AFFB42BB1F}.Debug|Any CPU.Build.0 = Debug|Any CPU
		{A3D07F38-B03F-4910-B444-75AFFB42BB1F}.Release|Any CPU.ActiveCfg = Release|Any CPU
		{A3D07F38-B03F-4910-B444-75AFFB42BB1F}.Release|Any CPU.Build.0 = Release|Any CPU
	EndGlobalSection
	GlobalSection(SolutionProperties) = preSolution
		HideSolutionNode = FALSE
	EndGlobalSection
	GlobalSection(ExtensibilityGlobals) = postSolution
		SolutionGuid = {17BC01CF-83E2-49C4-8B55-91A8F9D0BAF6}
	EndGlobalSection
EndGlobal
